
Microsoft Visual Studio Solution File, Format Version 12.00
Project("{FAE04EC0-301F-11D3-BF4B-00C04F79EFBC}") = "planirovshik", "planirovshik\planirovshik.csproj", "{75429FC6-1C3E-45AA-95FD-995028E734C6}"
EndProject
Global
	GlobalSection(SolutionConfigurationPlatforms) = preSolution
		Debug|Any CPU = Debug|Any CPU
		Release|Any CPU = Release|Any CPU
	EndGlobalSection
	GlobalSection(ProjectConfigurationPlatforms) = postSolution
		{75429FC6-1C3E-45AA-95FD-995028E734C6}.Debug|Any CPU.ActiveCfg = Debug|Any CPU
		{75429FC6-1C3E-45AA-95FD-995028E734C6}.Debug|Any CPU.Build.0 = Debug|Any CPU
		{75429FC6-1C3E-45AA-95FD-995028E734C6}.Release|Any CPU.ActiveCfg = Release|Any CPU
		{75429FC6-1C3E-45AA-95FD-995028E734C6}.Release|Any CPU.Build.0 = Release|Any CPU
	EndGlobalSection
EndGlobal
